{
  "version": 4,
  "terraform_version": "0.12.20",
  "serial": 1,
  "lineage": "4bc9d7c2-973c-0ca5-2e8e-dc3c703d813f",
  "outputs": {
    "newrelic_synthetics_monitor_tfer--api-002D-umbrela-002D-2aef395a-002D-0621-002D-4c2c-002D-8af7-002D-ba4833e94e76_id": {
      "value": "2aef395a-0621-4c2c-8af7-ba4833e94e76",
      "type": "string"
    },
    "newrelic_synthetics_monitor_tfer--console-002D-cloud-002D-gov-002D-f56fa7ab-002D-49fa-002D-49cc-002D-8294-002D-c802089d816e_id": {
      "value": "f56fa7ab-49fa-49cc-8294-c802089d816e",
      "type": "string"
    },
    "newrelic_synthetics_monitor_tfer--digital-002D-analytics-002D-program-002D-dashboard-002D-5f25fe21-002D-60db-002D-445e-002D-8f4b-002D-f99bc1c2dc5c_id": {
      "value": "5f25fe21-60db-445e-8f4b-f99bc1c2dc5c",
      "type": "string"
    },
    "newrelic_synthetics_monitor_tfer--discovery-002D-fa01b054-002D-31e6-002D-477c-002D-8e0b-002D-6f9cb64b9af9_id": {
      "value": "fa01b054-31e6-477c-8e0b-6f9cb64b9af9",
      "type": "string"
    },
    "newrelic_synthetics_monitor_tfer--f-002D-gsa-002D-gov-002D-dc42b179-002D-a5e3-002D-4ae1-002D-8c8d-002D-2aaa84c1e587_id": {
      "value": "dc42b179-a5e3-4ae1-8c8d-2aaa84c1e587",
      "type": "string"
    },
    "newrelic_synthetics_monitor_tfer--usa-002D-gov-002D-ae867ebf-002D-3c36-002D-4021-002D-a856-002D-0750086df6d6_id": {
      "value": "ae867ebf-3c36-4021-a856-0750086df6d6",
      "type": "string"
    },
    "newrelic_synthetics_monitor_tfer--vote-002D-gov-002D-5bdca8dc-002D-8a3f-002D-4d39-002D-b164-002D-9e9956f7156e_id": {
      "value": "5bdca8dc-8a3f-4d39-b164-9e9956f7156e",
      "type": "string"
    }
  },
  "resources": [
    {
      "mode": "managed",
      "type": "newrelic_synthetics_monitor",
      "name": "tfer--api-002D-umbrela-002D-2aef395a-002D-0621-002D-4c2c-002D-8af7-002D-ba4833e94e76",
      "provider": "provider.newrelic",
      "instances": [
        {
          "schema_version": 0,
          "attributes_flat": {
            "bypass_head_request": "false",
            "frequency": "10",
            "id": "2aef395a-0621-4c2c-8af7-ba4833e94e76",
            "locations.#": "3",
            "locations.0": "AWS_US_EAST_1",
            "locations.1": "AWS_US_WEST_1",
            "locations.2": "AWS_US_WEST_2",
            "name": "API Umbrella",
            "sla_threshold": "7",
            "status": "ENABLED",
            "treat_redirect_as_failure": "false",
            "type": "SIMPLE",
            "uri": "https://api.data.gov",
            "validation_string": "",
            "verify_ssl": "false"
          }
        }
      ]
    },
    {
      "mode": "managed",
      "type": "newrelic_synthetics_monitor",
      "name": "tfer--console-002D-cloud-002D-gov-002D-f56fa7ab-002D-49fa-002D-49cc-002D-8294-002D-c802089d816e",
      "provider": "provider.newrelic",
      "instances": [
        {
          "schema_version": 0,
          "attributes_flat": {
            "bypass_head_request": "false",
            "frequency": "10",
            "id": "f56fa7ab-49fa-49cc-8294-c802089d816e",
            "locations.#": "3",
            "locations.0": "AWS_US_EAST_1",
            "locations.1": "AWS_US_WEST_1",
            "locations.2": "AWS_US_WEST_2",
            "name": "console.cloud.gov",
            "sla_threshold": "7",
            "status": "ENABLED",
            "treat_redirect_as_failure": "false",
            "type": "SIMPLE",
            "uri": "https://console.cloud.gov",
            "validation_string": "",
            "verify_ssl": "false"
          }
        }
      ]
    },
    {
      "mode": "managed",
      "type": "newrelic_synthetics_monitor",
      "name": "tfer--digital-002D-analytics-002D-program-002D-dashboard-002D-5f25fe21-002D-60db-002D-445e-002D-8f4b-002D-f99bc1c2dc5c",
      "provider": "provider.newrelic",
      "instances": [
        {
          "schema_version": 0,
          "attributes_flat": {
            "bypass_head_request": "false",
            "frequency": "10",
            "id": "5f25fe21-60db-445e-8f4b-f99bc1c2dc5c",
            "locations.#": "3",
            "locations.0": "AWS_US_EAST_1",
            "locations.1": "AWS_US_WEST_1",
            "locations.2": "AWS_US_WEST_2",
            "name": "Digital Analytics Program Dashboard",
            "sla_threshold": "7",
            "status": "ENABLED",
            "treat_redirect_as_failure": "false",
            "type": "SIMPLE",
            "uri": "https://analytics.usa.gov/",
            "validation_string": "",
            "verify_ssl": "false"
          }
        }
      ]
    },
    {
      "mode": "managed",
      "type": "newrelic_synthetics_monitor",
      "name": "tfer--discovery-002D-fa01b054-002D-31e6-002D-477c-002D-8e0b-002D-6f9cb64b9af9",
      "provider": "provider.newrelic",
      "instances": [
        {
          "schema_version": 0,
          "attributes_flat": {
            "bypass_head_request": "false",
            "frequency": "5",
            "id": "fa01b054-31e6-477c-8e0b-6f9cb64b9af9",
            "locations.#": "3",
            "locations.0": "AWS_US_EAST_1",
            "locations.1": "AWS_US_WEST_1",
            "locations.2": "AWS_US_WEST_2",
            "name": "Discovery",
            "sla_threshold": "7",
            "status": "ENABLED",
            "treat_redirect_as_failure": "false",
            "type": "SIMPLE",
            "uri": "https://discovery.gsa.gov/",
            "validation_string": "",
            "verify_ssl": "false"
          }
        }
      ]
    },
    {
      "mode": "managed",
      "type": "newrelic_synthetics_monitor",
      "name": "tfer--f-002D-gsa-002D-gov-002D-dc42b179-002D-a5e3-002D-4ae1-002D-8c8d-002D-2aaa84c1e587",
      "provider": "provider.newrelic",
      "instances": [
        {
          "schema_version": 0,
          "attributes_flat": {
            "bypass_head_request": "false",
            "frequency": "5",
            "id": "dc42b179-a5e3-4ae1-8c8d-2aaa84c1e587",
            "locations.#": "3",
            "locations.0": "AWS_US_EAST_1",
            "locations.1": "AWS_US_WEST_1",
            "locations.2": "AWS_US_WEST_2",
            "name": "18F.gsa.gov",
            "sla_threshold": "7",
            "status": "ENABLED",
            "treat_redirect_as_failure": "false",
            "type": "SIMPLE",
            "uri": "https://18f.gsa.gov",
            "validation_string": "",
            "verify_ssl": "false"
          }
        }
      ]
    },
    {
      "mode": "managed",
      "type": "newrelic_synthetics_monitor",
      "name": "tfer--usa-002D-gov-002D-ae867ebf-002D-3c36-002D-4021-002D-a856-002D-0750086df6d6",
      "provider": "provider.newrelic",
      "instances": [
        {
          "schema_version": 0,
          "attributes_flat": {
            "bypass_head_request": "false",
            "frequency": "10",
            "id": "ae867ebf-3c36-4021-a856-0750086df6d6",
            "locations.#": "3",
            "locations.0": "AWS_US_EAST_1",
            "locations.1": "AWS_US_WEST_1",
            "locations.2": "AWS_US_WEST_2",
            "name": "USA.gov",
            "sla_threshold": "7",
            "status": "ENABLED",
            "treat_redirect_as_failure": "false",
            "type": "SIMPLE",
            "uri": "http://www.usa.gov",
            "validation_string": "",
            "verify_ssl": "false"
          }
        }
      ]
    },
    {
      "mode": "managed",
      "type": "newrelic_synthetics_monitor",
      "name": "tfer--vote-002D-gov-002D-5bdca8dc-002D-8a3f-002D-4d39-002D-b164-002D-9e9956f7156e",
      "provider": "provider.newrelic",
      "instances": [
        {
          "schema_version": 0,
          "attributes_flat": {
            "bypass_head_request": "false",
            "frequency": "10",
            "id": "5bdca8dc-8a3f-4d39-b164-9e9956f7156e",
            "locations.#": "5",
            "locations.0": "AWS_CA_CENTRAL_1",
            "locations.1": "AWS_US_EAST_1",
            "locations.2": "AWS_US_EAST_2",
            "locations.3": "AWS_US_WEST_1",
            "locations.4": "AWS_US_WEST_2",
            "name": "vote.gov",
            "sla_threshold": "7",
            "status": "ENABLED",
            "treat_redirect_as_failure": "false",
            "type": "SIMPLE",
            "uri": "https://vote.gov",
            "validation_string": "",
            "verify_ssl": "false"
          }
        }
      ]
    }
  ]
}
