{
  "version": 4,
  "terraform_version": "0.12.20",
  "serial": 33,
  "lineage": "4bc9d7c2-973c-0ca5-2e8e-dc3c703d813f",
  "outputs": {},
  "resources": [
    {
      "mode": "managed",
      "type": "newrelic_synthetics_monitor",
      "name": "forloop",
      "each": "map",
      "provider": "provider.newrelic",
      "instances": [
        {
          "index_key": "10x.gsa.gov",
          "schema_version": 0,
          "attributes": {
            "bypass_head_request": false,
            "frequency": 10,
            "id": "e09eb415-c2ae-4043-8242-2081a3491fef",
            "locations": [
              "AWS_US_EAST_1",
              "AWS_US_WEST_1",
              "AWS_US_WEST_2"
            ],
            "name": "10x.gsa.gov",
            "sla_threshold": 10,
            "status": "ENABLED",
            "treat_redirect_as_failure": false,
            "type": "SIMPLE",
            "uri": "https://10x.gsa.gov",
            "validation_string": "",
            "verify_ssl": false
          },
          "private": "bnVsbA=="
        },
        {
          "index_key": "18f.gov",
          "schema_version": 0,
          "attributes": {
            "bypass_head_request": false,
            "frequency": 10,
            "id": "31d50a32-100a-4a0d-9738-750acb4481ac",
            "locations": [
              "AWS_US_EAST_1",
              "AWS_US_WEST_1",
              "AWS_US_WEST_2"
            ],
            "name": "18f.gov",
            "sla_threshold": 10,
            "status": "ENABLED",
            "treat_redirect_as_failure": false,
            "type": "SIMPLE",
            "uri": "https://18f.gov",
            "validation_string": "",
            "verify_ssl": false
          },
          "private": "bnVsbA=="
        },
        {
          "index_key": "analytics.usa.gov",
          "schema_version": 0,
          "attributes": {
            "bypass_head_request": false,
            "frequency": 10,
            "id": "38e6bd83-0fc6-4823-9b69-951f8e96ef6a",
            "locations": [
              "AWS_US_EAST_1",
              "AWS_US_WEST_1",
              "AWS_US_WEST_2"
            ],
            "name": "analytics.usa.gov",
            "sla_threshold": 10,
            "status": "ENABLED",
            "treat_redirect_as_failure": false,
            "type": "SIMPLE",
            "uri": "https://analytics.usa.gov",
            "validation_string": "",
            "verify_ssl": false
          },
          "private": "bnVsbA=="
        },
        {
          "index_key": "api.data.gov",
          "schema_version": 0,
          "attributes": {
            "bypass_head_request": false,
            "frequency": 10,
            "id": "807cebdf-6d33-479e-a0d1-3d5508c453da",
            "locations": [
              "AWS_US_EAST_1",
              "AWS_US_WEST_1",
              "AWS_US_WEST_2"
            ],
            "name": "api.data.gov",
            "sla_threshold": 10,
            "status": "ENABLED",
            "treat_redirect_as_failure": false,
            "type": "SIMPLE",
            "uri": "https://api.data.gov",
            "validation_string": "",
            "verify_ssl": false
          },
          "private": "bnVsbA=="
        },
        {
          "index_key": "challenge.gov",
          "schema_version": 0,
          "attributes": {
            "bypass_head_request": false,
            "frequency": 10,
            "id": "75206796-f56c-4cf4-882c-aa611aec1557",
            "locations": [
              "AWS_US_EAST_1",
              "AWS_US_WEST_1",
              "AWS_US_WEST_2"
            ],
            "name": "challenge.gov",
            "sla_threshold": 10,
            "status": "ENABLED",
            "treat_redirect_as_failure": false,
            "type": "SIMPLE",
            "uri": "https://challenge.gov",
            "validation_string": "",
            "verify_ssl": false
          },
          "private": "bnVsbA=="
        },
        {
          "index_key": "citizenscience.gov",
          "schema_version": 0,
          "attributes": {
            "bypass_head_request": false,
            "frequency": 10,
            "id": "faf680fe-b44b-413f-8057-5038e33702c7",
            "locations": [
              "AWS_US_EAST_1",
              "AWS_US_WEST_1",
              "AWS_US_WEST_2"
            ],
            "name": "citizenscience.gov",
            "sla_threshold": 10,
            "status": "ENABLED",
            "treat_redirect_as_failure": false,
            "type": "SIMPLE",
            "uri": "https://citizenscience.gov",
            "validation_string": "",
            "verify_ssl": false
          },
          "private": "bnVsbA=="
        },
        {
          "index_key": "cloud.gov",
          "schema_version": 0,
          "attributes": {
            "bypass_head_request": false,
            "frequency": 10,
            "id": "e73e0879-0b6b-4d62-afa9-cd28627781ec",
            "locations": [
              "AWS_US_EAST_1",
              "AWS_US_WEST_1",
              "AWS_US_WEST_2"
            ],
            "name": "cloud.gov",
            "sla_threshold": 10,
            "status": "ENABLED",
            "treat_redirect_as_failure": false,
            "type": "SIMPLE",
            "uri": "https://cloud.gov",
            "validation_string": "",
            "verify_ssl": false
          },
          "private": "bnVsbA=="
        },
        {
          "index_key": "code.gov",
          "schema_version": 0,
          "attributes": {
            "bypass_head_request": false,
            "frequency": 10,
            "id": "e12fefcf-fde2-4aef-b5f1-d375d876d39d",
            "locations": [
              "AWS_US_EAST_1",
              "AWS_US_WEST_1",
              "AWS_US_WEST_2"
            ],
            "name": "code.gov",
            "sla_threshold": 10,
            "status": "ENABLED",
            "treat_redirect_as_failure": false,
            "type": "SIMPLE",
            "uri": "https://code.gov",
            "validation_string": "",
            "verify_ssl": false
          },
          "private": "bnVsbA=="
        },
        {
          "index_key": "coe.gsa.gov",
          "schema_version": 0,
          "attributes": {
            "bypass_head_request": false,
            "frequency": 10,
            "id": "ca2012f3-0934-41fb-b548-5f4a90fcc55c",
            "locations": [
              "AWS_US_EAST_1",
              "AWS_US_WEST_1",
              "AWS_US_WEST_2"
            ],
            "name": "coe.gsa.gov",
            "sla_threshold": 10,
            "status": "ENABLED",
            "treat_redirect_as_failure": false,
            "type": "SIMPLE",
            "uri": "https://coe.gsa.gov",
            "validation_string": "",
            "verify_ssl": false
          },
          "private": "bnVsbA=="
        },
        {
          "index_key": "crm.tts.gsa.gov",
          "schema_version": 0,
          "attributes": {
            "bypass_head_request": false,
            "frequency": 10,
            "id": "16b68952-02d4-4a33-a0bf-fcddc0580f0a",
            "locations": [
              "AWS_US_EAST_1",
              "AWS_US_WEST_1",
              "AWS_US_WEST_2"
            ],
            "name": "crm.tts.gsa.gov",
            "sla_threshold": 10,
            "status": "ENABLED",
            "treat_redirect_as_failure": false,
            "type": "SIMPLE",
            "uri": "https://crm.tts.gsa.gov",
            "validation_string": "",
            "verify_ssl": false
          },
          "private": "bnVsbA=="
        },
        {
          "index_key": "data.gov",
          "schema_version": 0,
          "attributes": {
            "bypass_head_request": false,
            "frequency": 10,
            "id": "ebf31d62-9551-496e-9d81-20d4543552e8",
            "locations": [
              "AWS_US_EAST_1",
              "AWS_US_WEST_1",
              "AWS_US_WEST_2"
            ],
            "name": "data.gov",
            "sla_threshold": 10,
            "status": "ENABLED",
            "treat_redirect_as_failure": false,
            "type": "SIMPLE",
            "uri": "https://data.gov",
            "validation_string": "",
            "verify_ssl": false
          },
          "private": "bnVsbA=="
        },
        {
          "index_key": "digital.gov",
          "schema_version": 0,
          "attributes": {
            "bypass_head_request": false,
            "frequency": 10,
            "id": "cbdb6996-19f7-448d-a5ee-61549a1aec80",
            "locations": [
              "AWS_US_EAST_1",
              "AWS_US_WEST_1",
              "AWS_US_WEST_2"
            ],
            "name": "digital.gov",
            "sla_threshold": 10,
            "status": "ENABLED",
            "treat_redirect_as_failure": false,
            "type": "SIMPLE",
            "uri": "https://digital.gov",
            "validation_string": "",
            "verify_ssl": false
          },
          "private": "bnVsbA=="
        },
        {
          "index_key": "federalist.18f.gov",
          "schema_version": 0,
          "attributes": {
            "bypass_head_request": false,
            "frequency": 10,
            "id": "59b4f546-01fe-4e94-a763-7c553925b119",
            "locations": [
              "AWS_US_EAST_1",
              "AWS_US_WEST_1",
              "AWS_US_WEST_2"
            ],
            "name": "federalist.18f.gov",
            "sla_threshold": 10,
            "status": "ENABLED",
            "treat_redirect_as_failure": false,
            "type": "SIMPLE",
            "uri": "https://federalist.18f.gov",
            "validation_string": "",
            "verify_ssl": false
          },
          "private": "bnVsbA=="
        },
        {
          "index_key": "fedramp.gov",
          "schema_version": 0,
          "attributes": {
            "bypass_head_request": false,
            "frequency": 10,
            "id": "220494aa-241b-437e-881d-8300cc2f37a2",
            "locations": [
              "AWS_US_EAST_1",
              "AWS_US_WEST_1",
              "AWS_US_WEST_2"
            ],
            "name": "fedramp.gov",
            "sla_threshold": 10,
            "status": "ENABLED",
            "treat_redirect_as_failure": false,
            "type": "SIMPLE",
            "uri": "https://fedramp.gov",
            "validation_string": "",
            "verify_ssl": false
          },
          "private": "bnVsbA=="
        },
        {
          "index_key": "hackerone.com/tts",
          "schema_version": 0,
          "attributes": {
            "bypass_head_request": false,
            "frequency": 10,
            "id": "35689c85-6e95-44a0-abe0-a1bd8e2b4293",
            "locations": [
              "AWS_US_EAST_1",
              "AWS_US_WEST_1",
              "AWS_US_WEST_2"
            ],
            "name": "hackerone.com/tts",
            "sla_threshold": 10,
            "status": "ENABLED",
            "treat_redirect_as_failure": false,
            "type": "SIMPLE",
            "uri": "https://hackerone.com/tts",
            "validation_string": "",
            "verify_ssl": false
          },
          "private": "bnVsbA=="
        },
        {
          "index_key": "login.gov",
          "schema_version": 0,
          "attributes": {
            "bypass_head_request": false,
            "frequency": 10,
            "id": "83a8b838-0c7f-4b62-a249-4a626b22dfec",
            "locations": [
              "AWS_US_EAST_1",
              "AWS_US_WEST_1",
              "AWS_US_WEST_2"
            ],
            "name": "login.gov",
            "sla_threshold": 10,
            "status": "ENABLED",
            "treat_redirect_as_failure": false,
            "type": "SIMPLE",
            "uri": "https://login.gov",
            "validation_string": "",
            "verify_ssl": false
          },
          "private": "bnVsbA=="
        },
        {
          "index_key": "performance.gov",
          "schema_version": 0,
          "attributes": {
            "bypass_head_request": false,
            "frequency": 10,
            "id": "bef1c3e9-d17c-432d-86fd-ba551c3349b2",
            "locations": [
              "AWS_US_EAST_1",
              "AWS_US_WEST_1",
              "AWS_US_WEST_2"
            ],
            "name": "performance.gov",
            "sla_threshold": 10,
            "status": "ENABLED",
            "treat_redirect_as_failure": false,
            "type": "SIMPLE",
            "uri": "https://performance.gov",
            "validation_string": "",
            "verify_ssl": false
          },
          "private": "bnVsbA=="
        },
        {
          "index_key": "pif.gov",
          "schema_version": 0,
          "attributes": {
            "bypass_head_request": false,
            "frequency": 10,
            "id": "27ef8b19-407f-497d-a4a6-6402eb0a0ea4",
            "locations": [
              "AWS_US_EAST_1",
              "AWS_US_WEST_1",
              "AWS_US_WEST_2"
            ],
            "name": "pif.gov",
            "sla_threshold": 10,
            "status": "ENABLED",
            "treat_redirect_as_failure": false,
            "type": "SIMPLE",
            "uri": "https://pif.gov",
            "validation_string": "",
            "verify_ssl": false
          },
          "private": "bnVsbA=="
        },
        {
          "index_key": "plainlanguage.gov",
          "schema_version": 0,
          "attributes": {
            "bypass_head_request": false,
            "frequency": 10,
            "id": "c0db9415-940c-4efc-8e6c-ae26462a8bf9",
            "locations": [
              "AWS_US_EAST_1",
              "AWS_US_WEST_1",
              "AWS_US_WEST_2"
            ],
            "name": "plainlanguage.gov",
            "sla_threshold": 10,
            "status": "ENABLED",
            "treat_redirect_as_failure": false,
            "type": "SIMPLE",
            "uri": "https://plainlanguage.gov",
            "validation_string": "",
            "verify_ssl": false
          },
          "private": "bnVsbA=="
        },
        {
          "index_key": "search.gov",
          "schema_version": 0,
          "attributes": {
            "bypass_head_request": false,
            "frequency": 10,
            "id": "43bb8b52-c892-4e8c-bd47-4faa0e7c599c",
            "locations": [
              "AWS_US_EAST_1",
              "AWS_US_WEST_1",
              "AWS_US_WEST_2"
            ],
            "name": "search.gov",
            "sla_threshold": 10,
            "status": "ENABLED",
            "treat_redirect_as_failure": false,
            "type": "SIMPLE",
            "uri": "https://search.gov",
            "validation_string": "",
            "verify_ssl": false
          },
          "private": "bnVsbA=="
        },
        {
          "index_key": "tock.18f.gov",
          "schema_version": 0,
          "attributes": {
            "bypass_head_request": false,
            "frequency": 10,
            "id": "b726aaf9-d658-4738-a4bf-d2a4f3db93b2",
            "locations": [
              "AWS_US_EAST_1",
              "AWS_US_WEST_1",
              "AWS_US_WEST_2"
            ],
            "name": "tock.18f.gov",
            "sla_threshold": 10,
            "status": "ENABLED",
            "treat_redirect_as_failure": false,
            "type": "SIMPLE",
            "uri": "https://tock.18f.gov",
            "validation_string": "",
            "verify_ssl": false
          },
          "private": "bnVsbA=="
        },
        {
          "index_key": "touchpoints.digital.gov",
          "schema_version": 0,
          "attributes": {
            "bypass_head_request": false,
            "frequency": 10,
            "id": "b59a0c6b-4343-4dea-b073-53f0428a91a3",
            "locations": [
              "AWS_US_EAST_1",
              "AWS_US_WEST_1",
              "AWS_US_WEST_2"
            ],
            "name": "touchpoints.digital.gov",
            "sla_threshold": 10,
            "status": "ENABLED",
            "treat_redirect_as_failure": false,
            "type": "SIMPLE",
            "uri": "https://touchpoints.digital.gov",
            "validation_string": "",
            "verify_ssl": false
          },
          "private": "bnVsbA=="
        },
        {
          "index_key": "tts.gsa.gov",
          "schema_version": 0,
          "attributes": {
            "bypass_head_request": false,
            "frequency": 10,
            "id": "12af0dfe-9f6c-4c78-a5db-60c9f5f1f7ce",
            "locations": [
              "AWS_US_EAST_1",
              "AWS_US_WEST_1",
              "AWS_US_WEST_2"
            ],
            "name": "tts.gsa.gov",
            "sla_threshold": 10,
            "status": "ENABLED",
            "treat_redirect_as_failure": false,
            "type": "SIMPLE",
            "uri": "https://tts.gsa.gov",
            "validation_string": "",
            "verify_ssl": false
          },
          "private": "bnVsbA=="
        },
        {
          "index_key": "usa.gov",
          "schema_version": 0,
          "attributes": {
            "bypass_head_request": false,
            "frequency": 10,
            "id": "f7db01e5-b604-4c3a-aaa2-1eb7fdb9732d",
            "locations": [
              "AWS_US_EAST_1",
              "AWS_US_WEST_1",
              "AWS_US_WEST_2"
            ],
            "name": "usa.gov",
            "sla_threshold": 10,
            "status": "ENABLED",
            "treat_redirect_as_failure": false,
            "type": "SIMPLE",
            "uri": "https://usa.gov",
            "validation_string": "",
            "verify_ssl": false
          },
          "private": "bnVsbA=="
        }
      ]
    }
  ]
}
